{
  "version": 4,
  "terraform_version": "0.12.1",
  "serial": 135,
  "lineage": "0cf9267c-ac05-ff49-5f87-3b1d1d562b1b",
  "outputs": {},
  "resources": [
    {
      "mode": "managed",
      "type": "aws_default_vpc",
      "name": "spin-app-vpc",
      "provider": "provider.aws",
      "instances": [
        {
          "schema_version": 1,
          "attributes": {
            "arn": "arn:aws:ec2:us-east-1:541020430408:vpc/vpc-af2a4dd5",
            "assign_generated_ipv6_cidr_block": false,
            "cidr_block": "172.31.0.0/16",
            "default_network_acl_id": "acl-97a866ea",
            "default_route_table_id": "rtb-16ad4f68",
            "default_security_group_id": "sg-626aec39",
            "dhcp_options_id": "dopt-3aaeaf41",
            "enable_classiclink": false,
            "enable_classiclink_dns_support": false,
            "enable_dns_hostnames": true,
            "enable_dns_support": true,
            "id": "vpc-af2a4dd5",
            "instance_tenancy": "default",
            "ipv6_association_id": "",
            "ipv6_cidr_block": "",
            "main_route_table_id": "rtb-16ad4f68",
            "owner_id": "541020430408",
            "tags": {
              "Name": "spin-app-vpc"
            }
          }
        }
      ]
    },
    {
      "mode": "managed",
      "type": "aws_internet_gateway",
      "name": "spin-app-igw",
      "provider": "provider.aws",
      "instances": [
        {
          "schema_version": 0,
          "attributes": {
            "id": "igw-0a90b29cfb31edaf0",
            "owner_id": "541020430408",
            "tags": {
              "Name": "spin-app-igw"
            },
            "vpc_id": "vpc-af2a4dd5"
          },
          "depends_on": [
            "aws_default_vpc.spin-app-vpc"
          ]
        }
      ]
    },
    {
      "mode": "managed",
      "type": "aws_key_pair",
      "name": "jahio",
      "provider": "provider.aws",
      "instances": [
        {
          "schema_version": 1,
          "attributes": {
            "fingerprint": "2c:ef:2d:f9:7a:63:f5:3b:23:31:90:d5:5d:2d:cd:e2",
            "id": "jahio",
            "key_name": "jahio",
            "key_name_prefix": null,
            "public_key": "ssh-rsa AAAAB3NzaC1yc2EAAAADAQABAAACAQDekjS8N+X+xhPDs8sE9071H2cKLztwQYBz/BD08skGy9sFsXmZvB4HdVWZzx/JtJwX2U+0qr7Tm63Mj2ox9csJ1yKm+Yf1U+HUoXM8KWpdjYxH7kiF/aHrhlKLKxculWjLWfOlPQt5HOREYYpiUe1fjKIhWNm3+oEhBjc6jmqxv9ccQ7d+cPOxZasz9s8cWGB916AeP5Vzsz46Jl3tHu5/5pHTJVZfLlljpGSWjVMs7Z+9uQ0KFhsWVrzTejnHy7YYRVzzpYOsOqc+4NvPQ2DkImxiAoAmpCKBV5PL7jl4Mvc+GXSvkodnOWwAOJUAVfPgNnzOoLL4Gov415edfO7TlOLbQFWTBzDEF8EFYLs2atnt5q7i7pgAKSnhy1Q5Vs+H2trr5vrkIV6SBFaNX3iwKZJkrEcXsNRM9cCAuTTJ+tEkq2hXOMiJG8D70C5Reo7Qe1CAErrFa/EfDSR8T0PuqUccpts9JG7Nv85hgZ66gh9ppJ6hPYuYQX3j390MmH2TgfkV9Xw2pozqye52wqzPiKnA6l3KaO/CqlCfWM5epqHrhbjx/sNvXkOXMTe+UdYN+lzV1GkgfLO9VtJlkMCXuVaIotiya4F63ef3pijdJH+TXKw825/UjTb8Q3oeKswLM6viX0PqVDa8uxP1nI4DO6Js0vPiKIkgW1zn9CjejQ== jah@jah.io"
          }
        }
      ]
    },
    {
      "mode": "managed",
      "type": "aws_route_table",
      "name": "spin-app-public-route-table",
      "provider": "provider.aws",
      "instances": [
        {
          "status": "tainted",
          "schema_version": 0,
          "attributes": {
            "id": "rtb-081bbe8957b435546",
            "owner_id": null,
            "propagating_vgws": [],
            "route": [
              {
                "cidr_block": "172.31.0.0/16",
                "egress_only_gateway_id": "",
                "gateway_id": "igw-0a90b29cfb31edaf0",
                "instance_id": "",
                "ipv6_cidr_block": "",
                "nat_gateway_id": "",
                "network_interface_id": "",
                "transit_gateway_id": "",
                "vpc_peering_connection_id": ""
              }
            ],
            "tags": null,
            "vpc_id": "vpc-af2a4dd5"
          },
          "depends_on": [
            "aws_default_vpc.spin-app-vpc",
            "aws_internet_gateway.spin-app-igw"
          ]
        }
      ]
    },
    {
      "mode": "managed",
      "type": "aws_security_group",
      "name": "spin-app-8000",
      "provider": "provider.aws",
      "instances": [
        {
          "schema_version": 1,
          "attributes": {
            "arn": "arn:aws:ec2:us-east-1:541020430408:security-group/sg-0dc6d8e1bed267a89",
            "description": "Allows all inbound TCP traffic on ports 8000-8002.",
            "egress": [],
            "id": "sg-0dc6d8e1bed267a89",
            "ingress": [
              {
                "cidr_blocks": [
                  "0.0.0.0/0"
                ],
                "description": "",
                "from_port": 8000,
                "ipv6_cidr_blocks": [],
                "prefix_list_ids": [],
                "protocol": "tcp",
                "security_groups": [],
                "self": false,
                "to_port": 8002
              }
            ],
            "name": "spin-app-8000",
            "name_prefix": null,
            "owner_id": "541020430408",
            "revoke_rules_on_delete": false,
            "tags": {
              "Name": "spin-app-8000"
            },
            "timeouts": null,
            "vpc_id": "vpc-af2a4dd5"
          },
          "depends_on": [
            "aws_default_vpc.spin-app-vpc"
          ]
        }
      ]
    },
    {
      "mode": "managed",
      "type": "aws_security_group",
      "name": "spin-app-ssh",
      "provider": "provider.aws",
      "instances": [
        {
          "schema_version": 1,
          "attributes": {
            "arn": "arn:aws:ec2:us-east-1:541020430408:security-group/sg-0912e210d401f8652",
            "description": "Allows all inbound SSH traffic.",
            "egress": [],
            "id": "sg-0912e210d401f8652",
            "ingress": [
              {
                "cidr_blocks": [
                  "0.0.0.0/0"
                ],
                "description": "",
                "from_port": 22,
                "ipv6_cidr_blocks": [],
                "prefix_list_ids": [],
                "protocol": "tcp",
                "security_groups": [],
                "self": false,
                "to_port": 22
              }
            ],
            "name": "allow_ssh",
            "name_prefix": null,
            "owner_id": "541020430408",
            "revoke_rules_on_delete": false,
            "tags": {
              "Name": "spin-app-ssh"
            },
            "timeouts": null,
            "vpc_id": "vpc-af2a4dd5"
          },
          "depends_on": [
            "aws_default_vpc.spin-app-vpc"
          ]
        }
      ]
    },
    {
      "mode": "managed",
      "type": "aws_subnet",
      "name": "spin-app-public_subnet",
      "provider": "provider.aws",
      "instances": [
        {
          "schema_version": 1,
          "attributes": {
            "arn": "arn:aws:ec2:us-east-1:541020430408:subnet/subnet-0dd73fe634003dc77",
            "assign_ipv6_address_on_creation": false,
            "availability_zone": "us-east-1a",
            "availability_zone_id": "use1-az1",
            "cidr_block": "172.31.0.0/16",
            "id": "subnet-0dd73fe634003dc77",
            "ipv6_cidr_block": "",
            "ipv6_cidr_block_association_id": "",
            "map_public_ip_on_launch": false,
            "owner_id": "541020430408",
            "tags": {
              "Name": "spin-app-public-subnet"
            },
            "timeouts": null,
            "vpc_id": "vpc-af2a4dd5"
          },
          "depends_on": [
            "aws_default_vpc.spin-app-vpc"
          ]
        }
      ]
    }
  ]
}
