{
  "version": 4,
  "terraform_version": "0.12.1",
  "serial": 9,
  "lineage": "0cf9267c-ac05-ff49-5f87-3b1d1d562b1b",
  "outputs": {},
  "resources": [
    {
      "mode": "managed",
      "type": "aws_instance",
      "name": "spin-app-tcp1",
      "provider": "provider.aws",
      "instances": [
        {
          "schema_version": 1,
          "attributes": {
            "ami": "ami-024a64a6685d05041",
            "arn": "arn:aws:ec2:us-east-1:541020430408:instance/i-002e425c377545503",
            "associate_public_ip_address": true,
            "availability_zone": "us-east-1d",
            "cpu_core_count": 1,
            "cpu_threads_per_core": 1,
            "credit_specification": [
              {
                "cpu_credits": "standard"
              }
            ],
            "disable_api_termination": false,
            "ebs_block_device": [],
            "ebs_optimized": false,
            "ephemeral_block_device": [],
            "get_password_data": false,
            "host_id": null,
            "iam_instance_profile": "",
            "id": "i-002e425c377545503",
            "instance_initiated_shutdown_behavior": null,
            "instance_state": "running",
            "instance_type": "t2.micro",
            "ipv6_address_count": 0,
            "ipv6_addresses": [],
            "key_name": "",
            "monitoring": false,
            "network_interface": [],
            "network_interface_id": null,
            "password_data": "",
            "placement_group": "",
            "primary_network_interface_id": "eni-0317c74945f929464",
            "private_dns": "ip-172-31-40-163.ec2.internal",
            "private_ip": "172.31.40.163",
            "public_dns": "ec2-34-228-190-37.compute-1.amazonaws.com",
            "public_ip": "34.228.190.37",
            "root_block_device": [
              {
                "delete_on_termination": true,
                "iops": 100,
                "volume_id": "vol-06e5f32ff4e976e97",
                "volume_size": 8,
                "volume_type": "gp2"
              }
            ],
            "security_groups": [
              "allow_ssh"
            ],
            "source_dest_check": true,
            "subnet_id": "subnet-ee85d1b2",
            "tags": {
              "Name": "spin-app-tcp1"
            },
            "tenancy": "default",
            "timeouts": null,
            "user_data": null,
            "user_data_base64": null,
            "volume_tags": {},
            "vpc_security_group_ids": [
              "sg-0c293d2c4841b34ea"
            ]
          },
          "depends_on": [
            "aws_security_group.spin-app-ssh"
          ]
        }
      ]
    },
    {
      "mode": "managed",
      "type": "aws_instance",
      "name": "spin-app-tcp2",
      "provider": "provider.aws",
      "instances": [
        {
          "schema_version": 1,
          "attributes": {
            "ami": "ami-024a64a6685d05041",
            "arn": "arn:aws:ec2:us-east-1:541020430408:instance/i-05bdebf689646d273",
            "associate_public_ip_address": true,
            "availability_zone": "us-east-1d",
            "cpu_core_count": 1,
            "cpu_threads_per_core": 1,
            "credit_specification": [
              {
                "cpu_credits": "standard"
              }
            ],
            "disable_api_termination": false,
            "ebs_block_device": [],
            "ebs_optimized": false,
            "ephemeral_block_device": [],
            "get_password_data": false,
            "host_id": null,
            "iam_instance_profile": "",
            "id": "i-05bdebf689646d273",
            "instance_initiated_shutdown_behavior": null,
            "instance_state": "running",
            "instance_type": "t2.micro",
            "ipv6_address_count": 0,
            "ipv6_addresses": [],
            "key_name": "",
            "monitoring": false,
            "network_interface": [],
            "network_interface_id": null,
            "password_data": "",
            "placement_group": "",
            "primary_network_interface_id": "eni-01fbde9f9ec78a18d",
            "private_dns": "ip-172-31-38-79.ec2.internal",
            "private_ip": "172.31.38.79",
            "public_dns": "ec2-54-89-93-219.compute-1.amazonaws.com",
            "public_ip": "54.89.93.219",
            "root_block_device": [
              {
                "delete_on_termination": true,
                "iops": 100,
                "volume_id": "vol-0b8c4ceb210c6b388",
                "volume_size": 8,
                "volume_type": "gp2"
              }
            ],
            "security_groups": [
              "allow_ssh"
            ],
            "source_dest_check": true,
            "subnet_id": "subnet-ee85d1b2",
            "tags": {
              "Name": "spin-app-tcp2"
            },
            "tenancy": "default",
            "timeouts": null,
            "user_data": null,
            "user_data_base64": null,
            "volume_tags": {},
            "vpc_security_group_ids": [
              "sg-0c293d2c4841b34ea"
            ]
          },
          "depends_on": [
            "aws_security_group.spin-app-ssh"
          ]
        }
      ]
    },
    {
      "mode": "managed",
      "type": "aws_internet_gateway",
      "name": "spin-app-igw",
      "provider": "provider.aws",
      "instances": [
        {
          "schema_version": 0,
          "attributes": {
            "id": "igw-066568ef001da83d1",
            "owner_id": "541020430408",
            "tags": {
              "Name": "spin-app-igw"
            },
            "vpc_id": "vpc-006a6d0cd8de8aed1"
          },
          "depends_on": [
            "aws_vpc.spin-app-vpc"
          ]
        }
      ]
    },
    {
      "mode": "managed",
      "type": "aws_route_table",
      "name": "spin-app-public-route-table",
      "provider": "provider.aws",
      "instances": [
        {
          "schema_version": 0,
          "attributes": {
            "id": "rtb-0bb90a24f6d451480",
            "owner_id": "541020430408",
            "propagating_vgws": [],
            "route": [
              {
                "cidr_block": "0.0.0.0/0",
                "egress_only_gateway_id": "",
                "gateway_id": "igw-066568ef001da83d1",
                "instance_id": "",
                "ipv6_cidr_block": "",
                "nat_gateway_id": "",
                "network_interface_id": "",
                "transit_gateway_id": "",
                "vpc_peering_connection_id": ""
              }
            ],
            "tags": null,
            "vpc_id": "vpc-006a6d0cd8de8aed1"
          },
          "depends_on": [
            "aws_internet_gateway.spin-app-igw",
            "aws_vpc.spin-app-vpc"
          ]
        }
      ]
    },
    {
      "mode": "managed",
      "type": "aws_security_group",
      "name": "spin-app-ssh",
      "provider": "provider.aws",
      "instances": [
        {
          "schema_version": 1,
          "attributes": {
            "arn": "arn:aws:ec2:us-east-1:541020430408:security-group/sg-0c293d2c4841b34ea",
            "description": "Allows all inbound SSH traffic.",
            "egress": [],
            "id": "sg-0c293d2c4841b34ea",
            "ingress": [
              {
                "cidr_blocks": [
                  "0.0.0.0/0"
                ],
                "description": "",
                "from_port": 22,
                "ipv6_cidr_blocks": [],
                "prefix_list_ids": [],
                "protocol": "tcp",
                "security_groups": [],
                "self": false,
                "to_port": 22
              }
            ],
            "name": "allow_ssh",
            "name_prefix": null,
            "owner_id": "541020430408",
            "revoke_rules_on_delete": false,
            "tags": {
              "Name": "spin-app-ssh"
            },
            "timeouts": null,
            "vpc_id": "vpc-af2a4dd5"
          }
        }
      ]
    },
    {
      "mode": "managed",
      "type": "aws_subnet",
      "name": "spin-app-private-subnet",
      "provider": "provider.aws",
      "instances": [
        {
          "schema_version": 1,
          "attributes": {
            "arn": "arn:aws:ec2:us-east-1:541020430408:subnet/subnet-0007cd2ed35f0e89f",
            "assign_ipv6_address_on_creation": false,
            "availability_zone": "us-east-1e",
            "availability_zone_id": "use1-az3",
            "cidr_block": "10.0.1.0/24",
            "id": "subnet-0007cd2ed35f0e89f",
            "ipv6_cidr_block": "",
            "ipv6_cidr_block_association_id": "",
            "map_public_ip_on_launch": false,
            "owner_id": "541020430408",
            "tags": {
              "Name": "spin-app-private-subnet"
            },
            "timeouts": null,
            "vpc_id": "vpc-006a6d0cd8de8aed1"
          },
          "depends_on": [
            "aws_vpc.spin-app-vpc"
          ]
        }
      ]
    },
    {
      "mode": "managed",
      "type": "aws_subnet",
      "name": "spin-app-public_subnet",
      "provider": "provider.aws",
      "instances": [
        {
          "schema_version": 1,
          "attributes": {
            "arn": "arn:aws:ec2:us-east-1:541020430408:subnet/subnet-0181e0645dedcd87e",
            "assign_ipv6_address_on_creation": false,
            "availability_zone": "us-east-1d",
            "availability_zone_id": "use1-az6",
            "cidr_block": "10.0.2.0/24",
            "id": "subnet-0181e0645dedcd87e",
            "ipv6_cidr_block": "",
            "ipv6_cidr_block_association_id": "",
            "map_public_ip_on_launch": false,
            "owner_id": "541020430408",
            "tags": {
              "Name": "spin-app-public-subnet"
            },
            "timeouts": null,
            "vpc_id": "vpc-006a6d0cd8de8aed1"
          },
          "depends_on": [
            "aws_vpc.spin-app-vpc"
          ]
        }
      ]
    },
    {
      "mode": "managed",
      "type": "aws_vpc",
      "name": "spin-app-vpc",
      "provider": "provider.aws",
      "instances": [
        {
          "schema_version": 1,
          "attributes": {
            "arn": "arn:aws:ec2:us-east-1:541020430408:vpc/vpc-006a6d0cd8de8aed1",
            "assign_generated_ipv6_cidr_block": false,
            "cidr_block": "10.0.0.0/16",
            "default_network_acl_id": "acl-084d34f1c07be3fea",
            "default_route_table_id": "rtb-032518b4bbcd8069d",
            "default_security_group_id": "sg-081503026e40aaf59",
            "dhcp_options_id": "dopt-3aaeaf41",
            "enable_classiclink": false,
            "enable_classiclink_dns_support": false,
            "enable_dns_hostnames": false,
            "enable_dns_support": true,
            "id": "vpc-006a6d0cd8de8aed1",
            "instance_tenancy": "default",
            "ipv6_association_id": "",
            "ipv6_cidr_block": "",
            "main_route_table_id": "rtb-032518b4bbcd8069d",
            "owner_id": "541020430408",
            "tags": {
              "Name": "spin-app-vpc"
            }
          }
        }
      ]
    }
  ]
}
